<?xml version="1.0" encoding="utf-8"?>
<Project ToolsVersion="4.0" xmlns="http://schemas.microsoft.com/developer/msbuild/2003">
  <ItemGroup>
    <Filter Include="Archivos de origen">
      <UniqueIdentifier>{4FC737F1-C7A5-4376-A066-2A32D752A2FF}</UniqueIdentifier>
      <Extensions>cpp;c;cc;cxx;def;odl;idl;hpj;bat;asm;asmx</Extensions>
    </Filter>
    <Filter Include="Archivos de encabezado">
      <UniqueIdentifier>{93995380-89BD-4b04-88EB-625FBE52EBFB}</UniqueIdentifier>
      <Extensions>h;hh;hpp;hxx;hm;inl;inc;ipp;xsd</Extensions>
    </Filter>
    <Filter Include="Archivos de recursos">
      <UniqueIdentifier>{67DA6AB6-F800-4c08-8B7A-83BB121AAD01}</UniqueIdentifier>
      <Extensions>rc;ico;cur;bmp;dlg;rc2;rct;bin;rgs;gif;jpg;jpeg;jpe;resx;tiff;tif;png;wav;mfcribbon-ms</Extensions>
    </Filter>
    <Filter Include="Archivos de encabezado\InterfazGrafica">
      <UniqueIdentifier>{70f3cd94-b89d-45f2-a843-9ed7b7c19e11}</UniqueIdentifier>
    </Filter>
    <Filter Include="Archivos de origen\InterfazGrafica">
      <UniqueIdentifier>{40be5d93-a821-43ad-9195-819d43a5ab82}</UniqueIdentifier>
    </Filter>
    <Filter Include="Archivos de encabezado\InterfazGrafica\HabilidadUno">
      <UniqueIdentifier>{789916e3-5a03-4b5a-ba95-4392d5090ce8}</UniqueIdentifier>
    </Filter>
    <Filter Include="Archivos de encabezado\InterfazGrafica\HabilidadUno\DificultadMedia">
      <UniqueIdentifier>{bb17c5ef-cb72-4669-a9fc-5161b1e76d86}</UniqueIdentifier>
    </Filter>
    <Filter Include="Archivos de encabezado\InterfazGrafica\HabilidadUno\DificultadBaja">
      <UniqueIdentifier>{ffe0421b-58c9-4bdb-b0e3-b7f78337260b}</UniqueIdentifier>
    </Filter>
    <Filter Include="Archivos de encabezado\InterfazGrafica\HabilidadUno\DificultadAlta">
      <UniqueIdentifier>{295c1b4b-d324-4ca4-888f-e36abd03ba2e}</UniqueIdentifier>
    </Filter>
    <Filter Include="Archivos de encabezado\InterfazGrafica\HabilidadDos">
      <UniqueIdentifier>{f3c1a7f9-304e-43cc-8797-d1bfe41c3993}</UniqueIdentifier>
    </Filter>
    <Filter Include="Archivos de origen\InterfazGrafica\HabilidadUno">
      <UniqueIdentifier>{9cb202fb-b14a-43bc-9f16-9c291e948f69}</UniqueIdentifier>
    </Filter>
    <Filter Include="Archivos de origen\InterfazGrafica\HabilidadDos">
      <UniqueIdentifier>{e2597f2f-260c-408c-be43-3b9e3afeb7c7}</UniqueIdentifier>
    </Filter>
    <Filter Include="Archivos de origen\InterfazGrafica\HabilidadUno\DificultadBaja">
      <UniqueIdentifier>{c7fdb88b-ed8e-44d1-944f-5e8837e45832}</UniqueIdentifier>
    </Filter>
    <Filter Include="Archivos de origen\InterfazGrafica\HabilidadUno\DificultadMedia">
      <UniqueIdentifier>{8751cb84-8f20-4e75-abcb-e6251403bdbe}</UniqueIdentifier>
    </Filter>
    <Filter Include="Archivos de origen\InterfazGrafica\HabilidadUno\DificultadAlta">
      <UniqueIdentifier>{fd1cd75d-662c-47a8-98c5-03c7f8c403a2}</UniqueIdentifier>
    </Filter>
    <Filter Include="Archivos de encabezado\InterfazGrafica\Libreria">
      <UniqueIdentifier>{cbe1f5dc-9b5d-4bd9-9475-24b9f25fbbe1}</UniqueIdentifier>
    </Filter>
    <Filter Include="Archivos de origen\Libreria">
      <UniqueIdentifier>{150b941e-8b31-480a-8918-0470666e7684}</UniqueIdentifier>
    </Filter>
    <Filter Include="Archivos de origen\Libreria\Agentes">
      <UniqueIdentifier>{bb8a6d74-e2c3-4c88-82dc-7259b7a35e05}</UniqueIdentifier>
    </Filter>
    <Filter Include="Archivos de encabezado\InterfazGrafica\Libreria\Agentes">
      <UniqueIdentifier>{3a6c7f94-6520-465e-9c5e-51d54d14a4ba}</UniqueIdentifier>
    </Filter>
    <Filter Include="Archivos de encabezado\InterfazGrafica\Libreria\Sistema Experto">
      <UniqueIdentifier>{c30a0afd-7965-46b4-bea4-e81f3c27234a}</UniqueIdentifier>
    </Filter>
    <Filter Include="Archivos de origen\Libreria\SistemaExperto">
      <UniqueIdentifier>{2a4fe3f4-f894-432f-8bed-6e69359de530}</UniqueIdentifier>
    </Filter>
    <Filter Include="Archivos de origen\InterfazGrafica\Ventanas Emergentes">
      <UniqueIdentifier>{fa8a25d4-e4e2-4bba-a6ce-2c160d4eafd3}</UniqueIdentifier>
    </Filter>
    <Filter Include="Archivos de encabezado\InterfazGrafica\Ventanas Emergentes">
      <UniqueIdentifier>{4c275f7b-6555-4552-bd56-435988d87f24}</UniqueIdentifier>
    </Filter>
  </ItemGroup>
  <ItemGroup>
    <ClInclude Include="Inicio.h">
      <Filter>Archivos de encabezado</Filter>
    </ClInclude>
    <ClInclude Include="Etapas.h">
      <Filter>Archivos de encabezado\InterfazGrafica</Filter>
    </ClInclude>
    <ClInclude Include="Act1UnoMedia.h">
      <Filter>Archivos de encabezado\InterfazGrafica\HabilidadUno\DificultadMedia</Filter>
    </ClInclude>
    <ClInclude Include="Act1DosMedia.h">
      <Filter>Archivos de encabezado\InterfazGrafica\HabilidadUno\DificultadMedia</Filter>
    </ClInclude>
    <ClInclude Include="Act1UnoAlta.h">
      <Filter>Archivos de encabezado\InterfazGrafica\HabilidadUno\DificultadAlta</Filter>
    </ClInclude>
    <ClInclude Include="Act1DosAlta.h">
      <Filter>Archivos de encabezado\InterfazGrafica\HabilidadUno\DificultadAlta</Filter>
    </ClInclude>
    <ClInclude Include="Conector.h">
      <Filter>Archivos de encabezado\InterfazGrafica\Libreria</Filter>
    </ClInclude>
    <ClInclude Include="Evaluador.h">
      <Filter>Archivos de encabezado\InterfazGrafica\Libreria</Filter>
    </ClInclude>
    <ClInclude Include="LeerArchivo.h">
      <Filter>Archivos de encabezado\InterfazGrafica\Libreria</Filter>
    </ClInclude>
    <ClInclude Include="Usuario.h">
      <Filter>Archivos de encabezado\InterfazGrafica\Libreria</Filter>
    </ClInclude>
    <ClInclude Include="Argumento.h">
      <Filter>Archivos de encabezado\InterfazGrafica\Libreria\Sistema Experto</Filter>
    </ClInclude>
    <ClInclude Include="BaseDeConocimiento.h">
      <Filter>Archivos de encabezado\InterfazGrafica\Libreria\Sistema Experto</Filter>
    </ClInclude>
    <ClInclude Include="BaseDeHechos.h">
      <Filter>Archivos de encabezado\InterfazGrafica\Libreria\Sistema Experto</Filter>
    </ClInclude>
    <ClInclude Include="Hecho.h">
      <Filter>Archivos de encabezado\InterfazGrafica\Libreria\Sistema Experto</Filter>
    </ClInclude>
    <ClInclude Include="MotorDeInferencia.h">
      <Filter>Archivos de encabezado\InterfazGrafica\Libreria\Sistema Experto</Filter>
    </ClInclude>
    <ClInclude Include="Regla.h">
      <Filter>Archivos de encabezado\InterfazGrafica\Libreria\Sistema Experto</Filter>
    </ClInclude>
    <ClInclude Include="AgenteAprendizaje.h">
      <Filter>Archivos de encabezado\InterfazGrafica\Libreria\Agentes</Filter>
    </ClInclude>
    <ClInclude Include="AgenteAprendizajeAbstract.h">
      <Filter>Archivos de encabezado\InterfazGrafica\Libreria\Agentes</Filter>
    </ClInclude>
    <ClInclude Include="AgenteControlador.h">
      <Filter>Archivos de encabezado\InterfazGrafica\Libreria\Agentes</Filter>
    </ClInclude>
    <ClInclude Include="AgenteControladorAbs.h">
      <Filter>Archivos de encabezado\InterfazGrafica\Libreria\Agentes</Filter>
    </ClInclude>
    <ClInclude Include="Percepciones.h">
      <Filter>Archivos de encabezado\InterfazGrafica\Libreria\Agentes</Filter>
    </ClInclude>
    <ClInclude Include="FormEstrella.h">
      <Filter>Archivos de encabezado\InterfazGrafica\Ventanas Emergentes</Filter>
    </ClInclude>
  </ItemGroup>
  <ItemGroup>
    <ClCompile Include="Inicio.cpp">
      <Filter>Archivos de origen</Filter>
    </ClCompile>
    <ClCompile Include="Etapas.cpp">
      <Filter>Archivos de origen\InterfazGrafica</Filter>
    </ClCompile>
    <ClCompile Include="Act1UnoMedia.cpp">
      <Filter>Archivos de origen\InterfazGrafica\HabilidadUno\DificultadMedia</Filter>
    </ClCompile>
    <ClCompile Include="Act1DosMedia.cpp">
      <Filter>Archivos de origen\InterfazGrafica\HabilidadUno\DificultadMedia</Filter>
    </ClCompile>
    <ClCompile Include="Act1UnoAlta.cpp">
      <Filter>Archivos de origen\InterfazGrafica\HabilidadUno\DificultadAlta</Filter>
    </ClCompile>
    <ClCompile Include="Act1DosAlta.cpp">
      <Filter>Archivos de origen\InterfazGrafica\HabilidadUno\DificultadAlta</Filter>
    </ClCompile>
    <ClCompile Include="Conector.cpp">
      <Filter>Archivos de origen\Libreria</Filter>
    </ClCompile>
    <ClCompile Include="Evaluador.cpp">
      <Filter>Archivos de origen\Libreria</Filter>
    </ClCompile>
    <ClCompile Include="LeerArchivo.cpp">
      <Filter>Archivos de origen\Libreria</Filter>
    </ClCompile>
    <ClCompile Include="Usuario.cpp">
      <Filter>Archivos de origen\Libreria</Filter>
    </ClCompile>
    <ClCompile Include="Argumento.cpp">
      <Filter>Archivos de origen\Libreria\SistemaExperto</Filter>
    </ClCompile>
    <ClCompile Include="BaseDeConocimiento.cpp">
      <Filter>Archivos de origen\Libreria\SistemaExperto</Filter>
    </ClCompile>
    <ClCompile Include="BaseDeHechos.cpp">
      <Filter>Archivos de origen\Libreria\SistemaExperto</Filter>
    </ClCompile>
    <ClCompile Include="Hecho.cpp">
      <Filter>Archivos de origen\Libreria\SistemaExperto</Filter>
    </ClCompile>
    <ClCompile Include="MotorDeInferencia.cpp">
      <Filter>Archivos de origen\Libreria\SistemaExperto</Filter>
    </ClCompile>
    <ClCompile Include="Regla.cpp">
      <Filter>Archivos de origen\Libreria\SistemaExperto</Filter>
    </ClCompile>
    <ClCompile Include="AgenteAprendizaje.cpp">
      <Filter>Archivos de origen\Libreria\Agentes</Filter>
    </ClCompile>
    <ClCompile Include="AgenteControlador.cpp">
      <Filter>Archivos de origen\Libreria\Agentes</Filter>
    </ClCompile>
    <ClCompile Include="Percepciones.cpp">
      <Filter>Archivos de origen\Libreria\Agentes</Filter>
    </ClCompile>
    <ClCompile Include="FormEstrella.cpp">
      <Filter>Archivos de origen\InterfazGrafica\Ventanas Emergentes</Filter>
    </ClCompile>
  </ItemGroup>
  <ItemGroup>
    <EmbeddedResource Include="Inicio.resx">
      <Filter>Archivos de recursos</Filter>
    </EmbeddedResource>
    <EmbeddedResource Include="Etapas.resx">
      <Filter>Archivos de recursos</Filter>
    </EmbeddedResource>
    <EmbeddedResource Include="Act1UnoMedia.resx">
      <Filter>Archivos de recursos</Filter>
    </EmbeddedResource>
    <EmbeddedResource Include="Act1DosMedia.resx">
      <Filter>Archivos de recursos</Filter>
    </EmbeddedResource>
    <EmbeddedResource Include="Act1UnoAlta.resx">
      <Filter>Archivos de recursos</Filter>
    </EmbeddedResource>
    <EmbeddedResource Include="Act1DosAlta.resx">
      <Filter>Archivos de recursos</Filter>
    </EmbeddedResource>
  </ItemGroup>
</Project>